
Microsoft Visual Studio Solution File, Format Version 12.00
# Visual Studio 15
Project("{FAE04EC0-301F-11D3-BF4B-00C04F79EFBC}") = "Assembly-CSharp-Editor", "Assembly-CSharp-Editor.csproj", "{CA87913C-9FEA-7F7C-CF0C-527E6DBFDE13}"
EndProject
Project("{FAE04EC0-301F-11D3-BF4B-00C04F79EFBC}") = "Assembly-CSharp", "Assembly-CSharp.csproj", "{6A694819-BD7D-0A56-09C3-28CF2688477A}"
EndProject
Global
	GlobalSection(SolutionConfigurationPlatforms) = preSolution
		Debug|Any CPU = Debug|Any CPU
		Release|Any CPU = Release|Any CPU
	EndGlobalSection
	GlobalSection(ProjectConfigurationPlatforms) = postSolution
		{CA87913C-9FEA-7F7C-CF0C-527E6DBFDE13}.Debug|Any CPU.ActiveCfg = Debug|Any CPU
		{CA87913C-9FEA-7F7C-CF0C-527E6DBFDE13}.Debug|Any CPU.Build.0 = Debug|Any CPU
		{CA87913C-9FEA-7F7C-CF0C-527E6DBFDE13}.Release|Any CPU.ActiveCfg = Release|Any CPU
		{CA87913C-9FEA-7F7C-CF0C-527E6DBFDE13}.Release|Any CPU.Build.0 = Release|Any CPU
		{6A694819-BD7D-0A56-09C3-28CF2688477A}.Debug|Any CPU.ActiveCfg = Debug|Any CPU
		{6A694819-BD7D-0A56-09C3-28CF2688477A}.Debug|Any CPU.Build.0 = Debug|Any CPU
		{6A694819-BD7D-0A56-09C3-28CF2688477A}.Release|Any CPU.ActiveCfg = Release|Any CPU
		{6A694819-BD7D-0A56-09C3-28CF2688477A}.Release|Any CPU.Build.0 = Release|Any CPU
	EndGlobalSection
	GlobalSection(SolutionProperties) = preSolution
		HideSolutionNode = FALSE
	EndGlobalSection
EndGlobal
