
Microsoft Visual Studio Solution File, Format Version 12.00
# Visual Studio 15
Project("{FAE04EC0-301F-11D3-BF4B-00C04F79EFBC}") = "Unity.Timeline", "Unity.Timeline.csproj", "{17C39778-B54C-6192-6C25-F3071ADC847F}"
EndProject
Project("{FAE04EC0-301F-11D3-BF4B-00C04F79EFBC}") = "Unity.RenderPipelines.GPUDriven.Runtime", "Unity.RenderPipelines.GPUDriven.Runtime.csproj", "{F78254ED-2395-D2D1-0A81-37C4DC0BB8FF}"
EndProject
Project("{FAE04EC0-301F-11D3-BF4B-00C04F79EFBC}") = "Unity.PlasticSCM.Editor", "Unity.PlasticSCM.Editor.csproj", "{FF8FDB5F-62EF-E316-0474-BF8497B181D7}"
EndProject
Project("{FAE04EC0-301F-11D3-BF4B-00C04F79EFBC}") = "Unity.ShaderGraph.Editor", "Unity.ShaderGraph.Editor.csproj", "{F55F6D66-5F4F-FF17-C3E9-83B2F10F9442}"
EndProject
Project("{FAE04EC0-301F-11D3-BF4B-00C04F79EFBC}") = "Unity.RenderPipelines.Core.Runtime", "Unity.RenderPipelines.Core.Runtime.csproj", "{B0118459-DF74-F1EF-A298-E91851A8D850}"
EndProject
Project("{FAE04EC0-301F-11D3-BF4B-00C04F79EFBC}") = "Unity.Mathematics", "Unity.Mathematics.csproj", "{F11057A6-3967-AB4D-7B70-6974A06F30DF}"
EndProject
Project("{FAE04EC0-301F-11D3-BF4B-00C04F79EFBC}") = "Unity.Timeline.Editor", "Unity.Timeline.Editor.csproj", "{35128B3A-B991-1E3C-1866-710EE7EAD25E}"
EndProject
Project("{FAE04EC0-301F-11D3-BF4B-00C04F79EFBC}") = "Unity.Multiplayer.Center.Editor", "Unity.Multiplayer.Center.Editor.csproj", "{AB7F4AC7-0DD8-5CE1-5566-8F8EC4F4AB36}"
EndProject
Project("{FAE04EC0-301F-11D3-BF4B-00C04F79EFBC}") = "Unity.RenderPipelines.Core.Editor", "Unity.RenderPipelines.Core.Editor.csproj", "{4885C072-F88D-3B47-87B5-E75648B4E211}"
EndProject
Project("{FAE04EC0-301F-11D3-BF4B-00C04F79EFBC}") = "Unity.Collections", "Unity.Collections.csproj", "{9A0DE8CA-90D3-9EF4-7546-9113BADB24CA}"
EndProject
Project("{FAE04EC0-301F-11D3-BF4B-00C04F79EFBC}") = "UnityEngine.UI", "UnityEngine.UI.csproj", "{25A45157-3EE6-C3DC-7D26-B4F99B854E2A}"
EndProject
Project("{FAE04EC0-301F-11D3-BF4B-00C04F79EFBC}") = "Unity.RenderPipelines.Universal.2D.Runtime", "Unity.RenderPipelines.Universal.2D.Runtime.csproj", "{ECA3F195-8B52-5D04-9138-690B04D53163}"
EndProject
Project("{FAE04EC0-301F-11D3-BF4B-00C04F79EFBC}") = "Unity.VisualScripting.Core.Editor", "Unity.VisualScripting.Core.Editor.csproj", "{3BE6396D-877B-3AAC-13DE-9E9961D8600C}"
EndProject
Project("{FAE04EC0-301F-11D3-BF4B-00C04F79EFBC}") = "Unity.RenderPipelines.Universal.Editor", "Unity.RenderPipelines.Universal.Editor.csproj", "{4A48E3EB-9015-6C97-B04A-3560832E20B0}"
EndProject
Project("{FAE04EC0-301F-11D3-BF4B-00C04F79EFBC}") = "Unity.PerformanceTesting.Editor", "Unity.PerformanceTesting.Editor.csproj", "{559233D4-0E62-2C12-ED45-9FB7237F64CD}"
EndProject
Project("{FAE04EC0-301F-11D3-BF4B-00C04F79EFBC}") = "UnityEngine.TestRunner", "UnityEngine.TestRunner.csproj", "{DEA8E567-2405-D0F0-4C46-8BEF9C8848B9}"
EndProject
Project("{FAE04EC0-301F-11D3-BF4B-00C04F79EFBC}") = "Unity.Burst", "Unity.Burst.csproj", "{B1D68055-F412-4B77-72FE-C2B4ED4EAA00}"
EndProject
Project("{FAE04EC0-301F-11D3-BF4B-00C04F79EFBC}") = "Unity.VisualScripting.Flow.Editor", "Unity.VisualScripting.Flow.Editor.csproj", "{36F7DE45-04CB-7E74-B0E7-F4D5272274BC}"
EndProject
Project("{FAE04EC0-301F-11D3-BF4B-00C04F79EFBC}") = "Unity.VisualStudio.Editor", "Unity.VisualStudio.Editor.csproj", "{F5613DA2-25AF-D248-8E94-93B46F339AE0}"
EndProject
Project("{FAE04EC0-301F-11D3-BF4B-00C04F79EFBC}") = "Unity.InputSystem", "Unity.InputSystem.csproj", "{67B6150D-B2C8-7064-A911-0295E30ED08B}"
EndProject
Project("{FAE04EC0-301F-11D3-BF4B-00C04F79EFBC}") = "PPv2URPConverters", "PPv2URPConverters.csproj", "{6DE0C19A-39D8-99D1-653D-58D2EF7E3F20}"
EndProject
Project("{FAE04EC0-301F-11D3-BF4B-00C04F79EFBC}") = "Unity.Searcher.Editor", "Unity.Searcher.Editor.csproj", "{7F60C21D-42CB-D95F-0883-90D7464989D6}"
EndProject
Project("{FAE04EC0-301F-11D3-BF4B-00C04F79EFBC}") = "UnityEditor.TestRunner", "UnityEditor.TestRunner.csproj", "{9059D3AF-0241-DE20-941B-8781DD5BDD89}"
EndProject
Project("{FAE04EC0-301F-11D3-BF4B-00C04F79EFBC}") = "Unity.VisualScripting.Core", "Unity.VisualScripting.Core.csproj", "{F195DE83-8D50-000B-78B6-E32DA1BA08FE}"
EndProject
Project("{FAE04EC0-301F-11D3-BF4B-00C04F79EFBC}") = "Unity.RenderPipelines.Universal.Runtime", "Unity.RenderPipelines.Universal.Runtime.csproj", "{D48C6826-9507-344B-2F7F-AB4660DD834B}"
EndProject
Project("{FAE04EC0-301F-11D3-BF4B-00C04F79EFBC}") = "Unity.AI.Navigation.Editor.ConversionSystem", "Unity.AI.Navigation.Editor.ConversionSystem.csproj", "{B1BB45B9-64BC-555C-A65B-6673A96EE3BB}"
EndProject
Project("{FAE04EC0-301F-11D3-BF4B-00C04F79EFBC}") = "Unity.VisualScripting.State.Editor", "Unity.VisualScripting.State.Editor.csproj", "{54D9572C-096C-27DB-4FCF-620218E93A99}"
EndProject
Project("{FAE04EC0-301F-11D3-BF4B-00C04F79EFBC}") = "Unity.Burst.CodeGen", "Unity.Burst.CodeGen.csproj", "{C5D3AC2A-58EE-8350-42A3-C9771AB4972B}"
EndProject
Project("{FAE04EC0-301F-11D3-BF4B-00C04F79EFBC}") = "Unity.VisualScripting.Flow", "Unity.VisualScripting.Flow.csproj", "{37A3FC94-50CD-6FF5-837E-B55DCE5F78D0}"
EndProject
Project("{FAE04EC0-301F-11D3-BF4B-00C04F79EFBC}") = "Unity.PerformanceTesting", "Unity.PerformanceTesting.csproj", "{D03BA278-FE7A-60DD-8960-AACF024A101B}"
EndProject
Project("{FAE04EC0-301F-11D3-BF4B-00C04F79EFBC}") = "Unity.TextMeshPro", "Unity.TextMeshPro.csproj", "{84AC0A84-04B1-FBE3-2BCC-5837C96E3A6E}"
EndProject
Project("{FAE04EC0-301F-11D3-BF4B-00C04F79EFBC}") = "Unity.TextMeshPro.Editor", "Unity.TextMeshPro.Editor.csproj", "{5BDFF695-AC19-207F-3D4F-E7DB8F10239E}"
EndProject
Project("{FAE04EC0-301F-11D3-BF4B-00C04F79EFBC}") = "Unity.Rendering.LightTransport.Runtime", "Unity.Rendering.LightTransport.Runtime.csproj", "{2EB506ED-D33B-5A75-D08F-8BE82089F110}"
EndProject
Project("{FAE04EC0-301F-11D3-BF4B-00C04F79EFBC}") = "Unity.Burst.Editor", "Unity.Burst.Editor.csproj", "{A2C5183D-7495-C4DE-4AD6-99A5774BECCE}"
EndProject
Project("{FAE04EC0-301F-11D3-BF4B-00C04F79EFBC}") = "Unity.Rider.Editor", "Unity.Rider.Editor.csproj", "{9F4A8292-8998-0A2C-40BE-438BDF79D7BA}"
EndProject
Project("{FAE04EC0-301F-11D3-BF4B-00C04F79EFBC}") = "Unity.VisualScripting.State", "Unity.VisualScripting.State.csproj", "{2A9B54CF-DEFD-DF0F-024C-FDD53908B182}"
EndProject
Project("{FAE04EC0-301F-11D3-BF4B-00C04F79EFBC}") = "Unity.AI.Navigation.Updater", "Unity.AI.Navigation.Updater.csproj", "{4D215B90-DD79-D34F-F4BA-7C5CECA004C6}"
EndProject
Project("{FAE04EC0-301F-11D3-BF4B-00C04F79EFBC}") = "UnityEditor.UI", "UnityEditor.UI.csproj", "{894B6672-EC00-95E6-CA29-0845B04F8E15}"
EndProject
Project("{FAE04EC0-301F-11D3-BF4B-00C04F79EFBC}") = "Unity.AI.Navigation.Editor", "Unity.AI.Navigation.Editor.csproj", "{A9FA1B00-631C-14BC-CB11-5E3B83EBC033}"
EndProject
Project("{FAE04EC0-301F-11D3-BF4B-00C04F79EFBC}") = "Unity.Multiplayer.Center.Common", "Unity.Multiplayer.Center.Common.csproj", "{F9BAB756-929B-AA53-D291-25BCF1721B96}"
EndProject
Project("{FAE04EC0-301F-11D3-BF4B-00C04F79EFBC}") = "Unity.InputSystem.ForUI", "Unity.InputSystem.ForUI.csproj", "{F0BCB9AD-8E65-4E77-5B29-BFCE14988CDF}"
EndProject
Project("{FAE04EC0-301F-11D3-BF4B-00C04F79EFBC}") = "Unity.AI.Navigation", "Unity.AI.Navigation.csproj", "{2AE23F0D-1355-546E-C92A-D438E52A212B}"
EndProject
Project("{FAE04EC0-301F-11D3-BF4B-00C04F79EFBC}") = "Unity.Collections.CodeGen", "Unity.Collections.CodeGen.csproj", "{74D920B7-6ECB-ABBE-42D5-F29470505D85}"
EndProject
Project("{FAE04EC0-301F-11D3-BF4B-00C04F79EFBC}") = "Unity.Mathematics.Editor", "Unity.Mathematics.Editor.csproj", "{A0019054-BDA2-FD86-4A56-27ABAE361AD3}"
EndProject
Project("{FAE04EC0-301F-11D3-BF4B-00C04F79EFBC}") = "Unity.VisualScripting.SettingsProvider.Editor", "Unity.VisualScripting.SettingsProvider.Editor.csproj", "{0DFEF66A-11A2-E65F-8CE6-C171E81EAF9A}"
EndProject
Project("{FAE04EC0-301F-11D3-BF4B-00C04F79EFBC}") = "Assembly-CSharp-Editor", "Assembly-CSharp-Editor.csproj", "{0FBCB017-BF51-3E33-39D9-B132D2C0777A}"
EndProject
Project("{FAE04EC0-301F-11D3-BF4B-00C04F79EFBC}") = "Unity.InputSystem.TestFramework", "Unity.InputSystem.TestFramework.csproj", "{3C41B632-8F1F-6BC1-60B9-FCFDE17687D5}"
EndProject
Project("{FAE04EC0-301F-11D3-BF4B-00C04F79EFBC}") = "Unity.CollabProxy.Editor", "Unity.CollabProxy.Editor.csproj", "{0A3BA508-2C72-CE1F-91A7-A0F3AFC2EF9E}"
EndProject
Project("{FAE04EC0-301F-11D3-BF4B-00C04F79EFBC}") = "Unity.ShaderGraph.Utilities", "Unity.ShaderGraph.Utilities.csproj", "{74D1F5EE-81DC-5757-7CE3-97866CC7A1BC}"
EndProject
Project("{FAE04EC0-301F-11D3-BF4B-00C04F79EFBC}") = "Unity.VisualScripting.Shared.Editor", "Unity.VisualScripting.Shared.Editor.csproj", "{4D25609C-BAB1-F1A7-A372-EA6FD6726CE4}"
EndProject
Project("{FAE04EC0-301F-11D3-BF4B-00C04F79EFBC}") = "Assembly-CSharp", "Assembly-CSharp.csproj", "{4F640A9D-AF63-360A-9CFB-8D5B7C1C1AFD}"
EndProject
Project("{FAE04EC0-301F-11D3-BF4B-00C04F79EFBC}") = "Unity.RenderPipeline.Universal.ShaderLibrary", "Unity.RenderPipeline.Universal.ShaderLibrary.csproj", "{F2339415-349F-A7E2-E8B8-75B788206DE1}"
EndProject
Project("{FAE04EC0-301F-11D3-BF4B-00C04F79EFBC}") = "Unity.Rendering.LightTransport.Editor", "Unity.Rendering.LightTransport.Editor.csproj", "{E8FE6D16-DA82-D151-63FC-0AF0C48DA4E1}"
EndProject
Project("{FAE04EC0-301F-11D3-BF4B-00C04F79EFBC}") = "Unity.InputSystem.DocCodeSamples", "Unity.InputSystem.DocCodeSamples.csproj", "{914154F5-0EBD-8DBC-A7AB-5E8C8224B8D1}"
EndProject
Project("{FAE04EC0-301F-11D3-BF4B-00C04F79EFBC}") = "Unity.RenderPipelines.Universal.Shaders", "Unity.RenderPipelines.Universal.Shaders.csproj", "{F16821F1-9416-8C91-A96C-1E00F14936E2}"
EndProject
Project("{FAE04EC0-301F-11D3-BF4B-00C04F79EFBC}") = "Unity.RenderPipelines.Core.Runtime.Shared", "Unity.RenderPipelines.Core.Runtime.Shared.csproj", "{47B21C88-F6CC-9890-4B06-FC53A2EE47DF}"
EndProject
Project("{FAE04EC0-301F-11D3-BF4B-00C04F79EFBC}") = "Unity.PlasticSCM.Editor.Entities", "Unity.PlasticSCM.Editor.Entities.csproj", "{CFDAAF6D-3AB4-8F05-2A01-D1175BAC0A5C}"
EndProject
Project("{FAE04EC0-301F-11D3-BF4B-00C04F79EFBC}") = "Unity.Collections.Editor", "Unity.Collections.Editor.csproj", "{7AB8DF36-A1E8-A1BE-A14A-6F1346F0EFAB}"
EndProject
Project("{FAE04EC0-301F-11D3-BF4B-00C04F79EFBC}") = "Unity.RenderPipelines.Universal.Config.Runtime", "Unity.RenderPipelines.Universal.Config.Runtime.csproj", "{B8C43ACE-7E6A-96AE-7258-44A548BF11B7}"
EndProject
Project("{FAE04EC0-301F-11D3-BF4B-00C04F79EFBC}") = "Unity.RenderPipelines.ShaderGraph.ShaderGraphLibrary", "Unity.RenderPipelines.ShaderGraph.ShaderGraphLibrary.csproj", "{5143D83A-D2B9-30E0-44EE-420FACA2C9E7}"
EndProject
Project("{FAE04EC0-301F-11D3-BF4B-00C04F79EFBC}") = "Unity.RenderPipelines.Core.ShaderLibrary", "Unity.RenderPipelines.Core.ShaderLibrary.csproj", "{51DDCD47-6D2E-85A2-C7F4-73CD3CFA655F}"
EndProject
Project("{FAE04EC0-301F-11D3-BF4B-00C04F79EFBC}") = "Unity.RenderPipelines.Core.Editor.Shared", "Unity.RenderPipelines.Core.Editor.Shared.csproj", "{669F5E2D-CD53-9BDF-20BF-FB439DAE8F57}"
EndProject
Global
	GlobalSection(SolutionConfigurationPlatforms) = preSolution
		Debug|Any CPU = Debug|Any CPU
		Release|Any CPU = Release|Any CPU
	EndGlobalSection
	GlobalSection(ProjectConfigurationPlatforms) = postSolution
		{17C39778-B54C-6192-6C25-F3071ADC847F}.Debug|Any CPU.ActiveCfg = Debug|Any CPU
		{17C39778-B54C-6192-6C25-F3071ADC847F}.Debug|Any CPU.Build.0 = Debug|Any CPU
		{17C39778-B54C-6192-6C25-F3071ADC847F}.Release|Any CPU.ActiveCfg = Release|Any CPU
		{17C39778-B54C-6192-6C25-F3071ADC847F}.Release|Any CPU.Build.0 = Release|Any CPU
		{F78254ED-2395-D2D1-0A81-37C4DC0BB8FF}.Debug|Any CPU.ActiveCfg = Debug|Any CPU
		{F78254ED-2395-D2D1-0A81-37C4DC0BB8FF}.Debug|Any CPU.Build.0 = Debug|Any CPU
		{F78254ED-2395-D2D1-0A81-37C4DC0BB8FF}.Release|Any CPU.ActiveCfg = Release|Any CPU
		{F78254ED-2395-D2D1-0A81-37C4DC0BB8FF}.Release|Any CPU.Build.0 = Release|Any CPU
		{FF8FDB5F-62EF-E316-0474-BF8497B181D7}.Debug|Any CPU.ActiveCfg = Debug|Any CPU
		{FF8FDB5F-62EF-E316-0474-BF8497B181D7}.Debug|Any CPU.Build.0 = Debug|Any CPU
		{FF8FDB5F-62EF-E316-0474-BF8497B181D7}.Release|Any CPU.ActiveCfg = Release|Any CPU
		{FF8FDB5F-62EF-E316-0474-BF8497B181D7}.Release|Any CPU.Build.0 = Release|Any CPU
		{F55F6D66-5F4F-FF17-C3E9-83B2F10F9442}.Debug|Any CPU.ActiveCfg = Debug|Any CPU
		{F55F6D66-5F4F-FF17-C3E9-83B2F10F9442}.Debug|Any CPU.Build.0 = Debug|Any CPU
		{F55F6D66-5F4F-FF17-C3E9-83B2F10F9442}.Release|Any CPU.ActiveCfg = Release|Any CPU
		{F55F6D66-5F4F-FF17-C3E9-83B2F10F9442}.Release|Any CPU.Build.0 = Release|Any CPU
		{B0118459-DF74-F1EF-A298-E91851A8D850}.Debug|Any CPU.ActiveCfg = Debug|Any CPU
		{B0118459-DF74-F1EF-A298-E91851A8D850}.Debug|Any CPU.Build.0 = Debug|Any CPU
		{B0118459-DF74-F1EF-A298-E91851A8D850}.Release|Any CPU.ActiveCfg = Release|Any CPU
		{B0118459-DF74-F1EF-A298-E91851A8D850}.Release|Any CPU.Build.0 = Release|Any CPU
		{F11057A6-3967-AB4D-7B70-6974A06F30DF}.Debug|Any CPU.ActiveCfg = Debug|Any CPU
		{F11057A6-3967-AB4D-7B70-6974A06F30DF}.Debug|Any CPU.Build.0 = Debug|Any CPU
		{F11057A6-3967-AB4D-7B70-6974A06F30DF}.Release|Any CPU.ActiveCfg = Release|Any CPU
		{F11057A6-3967-AB4D-7B70-6974A06F30DF}.Release|Any CPU.Build.0 = Release|Any CPU
		{35128B3A-B991-1E3C-1866-710EE7EAD25E}.Debug|Any CPU.ActiveCfg = Debug|Any CPU
		{35128B3A-B991-1E3C-1866-710EE7EAD25E}.Debug|Any CPU.Build.0 = Debug|Any CPU
		{35128B3A-B991-1E3C-1866-710EE7EAD25E}.Release|Any CPU.ActiveCfg = Release|Any CPU
		{35128B3A-B991-1E3C-1866-710EE7EAD25E}.Release|Any CPU.Build.0 = Release|Any CPU
		{AB7F4AC7-0DD8-5CE1-5566-8F8EC4F4AB36}.Debug|Any CPU.ActiveCfg = Debug|Any CPU
		{AB7F4AC7-0DD8-5CE1-5566-8F8EC4F4AB36}.Debug|Any CPU.Build.0 = Debug|Any CPU
		{AB7F4AC7-0DD8-5CE1-5566-8F8EC4F4AB36}.Release|Any CPU.ActiveCfg = Release|Any CPU
		{AB7F4AC7-0DD8-5CE1-5566-8F8EC4F4AB36}.Release|Any CPU.Build.0 = Release|Any CPU
		{4885C072-F88D-3B47-87B5-E75648B4E211}.Debug|Any CPU.ActiveCfg = Debug|Any CPU
		{4885C072-F88D-3B47-87B5-E75648B4E211}.Debug|Any CPU.Build.0 = Debug|Any CPU
		{4885C072-F88D-3B47-87B5-E75648B4E211}.Release|Any CPU.ActiveCfg = Release|Any CPU
		{4885C072-F88D-3B47-87B5-E75648B4E211}.Release|Any CPU.Build.0 = Release|Any CPU
		{9A0DE8CA-90D3-9EF4-7546-9113BADB24CA}.Debug|Any CPU.ActiveCfg = Debug|Any CPU
		{9A0DE8CA-90D3-9EF4-7546-9113BADB24CA}.Debug|Any CPU.Build.0 = Debug|Any CPU
		{9A0DE8CA-90D3-9EF4-7546-9113BADB24CA}.Release|Any CPU.ActiveCfg = Release|Any CPU
		{9A0DE8CA-90D3-9EF4-7546-9113BADB24CA}.Release|Any CPU.Build.0 = Release|Any CPU
		{25A45157-3EE6-C3DC-7D26-B4F99B854E2A}.Debug|Any CPU.ActiveCfg = Debug|Any CPU
		{25A45157-3EE6-C3DC-7D26-B4F99B854E2A}.Debug|Any CPU.Build.0 = Debug|Any CPU
		{25A45157-3EE6-C3DC-7D26-B4F99B854E2A}.Release|Any CPU.ActiveCfg = Release|Any CPU
		{25A45157-3EE6-C3DC-7D26-B4F99B854E2A}.Release|Any CPU.Build.0 = Release|Any CPU
		{ECA3F195-8B52-5D04-9138-690B04D53163}.Debug|Any CPU.ActiveCfg = Debug|Any CPU
		{ECA3F195-8B52-5D04-9138-690B04D53163}.Debug|Any CPU.Build.0 = Debug|Any CPU
		{ECA3F195-8B52-5D04-9138-690B04D53163}.Release|Any CPU.ActiveCfg = Release|Any CPU
		{ECA3F195-8B52-5D04-9138-690B04D53163}.Release|Any CPU.Build.0 = Release|Any CPU
		{3BE6396D-877B-3AAC-13DE-9E9961D8600C}.Debug|Any CPU.ActiveCfg = Debug|Any CPU
		{3BE6396D-877B-3AAC-13DE-9E9961D8600C}.Debug|Any CPU.Build.0 = Debug|Any CPU
		{3BE6396D-877B-3AAC-13DE-9E9961D8600C}.Release|Any CPU.ActiveCfg = Release|Any CPU
		{3BE6396D-877B-3AAC-13DE-9E9961D8600C}.Release|Any CPU.Build.0 = Release|Any CPU
		{4A48E3EB-9015-6C97-B04A-3560832E20B0}.Debug|Any CPU.ActiveCfg = Debug|Any CPU
		{4A48E3EB-9015-6C97-B04A-3560832E20B0}.Debug|Any CPU.Build.0 = Debug|Any CPU
		{4A48E3EB-9015-6C97-B04A-3560832E20B0}.Release|Any CPU.ActiveCfg = Release|Any CPU
		{4A48E3EB-9015-6C97-B04A-3560832E20B0}.Release|Any CPU.Build.0 = Release|Any CPU
		{559233D4-0E62-2C12-ED45-9FB7237F64CD}.Debug|Any CPU.ActiveCfg = Debug|Any CPU
		{559233D4-0E62-2C12-ED45-9FB7237F64CD}.Debug|Any CPU.Build.0 = Debug|Any CPU
		{559233D4-0E62-2C12-ED45-9FB7237F64CD}.Release|Any CPU.ActiveCfg = Release|Any CPU
		{559233D4-0E62-2C12-ED45-9FB7237F64CD}.Release|Any CPU.Build.0 = Release|Any CPU
		{DEA8E567-2405-D0F0-4C46-8BEF9C8848B9}.Debug|Any CPU.ActiveCfg = Debug|Any CPU
		{DEA8E567-2405-D0F0-4C46-8BEF9C8848B9}.Debug|Any CPU.Build.0 = Debug|Any CPU
		{DEA8E567-2405-D0F0-4C46-8BEF9C8848B9}.Release|Any CPU.ActiveCfg = Release|Any CPU
		{DEA8E567-2405-D0F0-4C46-8BEF9C8848B9}.Release|Any CPU.Build.0 = Release|Any CPU
		{B1D68055-F412-4B77-72FE-C2B4ED4EAA00}.Debug|Any CPU.ActiveCfg = Debug|Any CPU
		{B1D68055-F412-4B77-72FE-C2B4ED4EAA00}.Debug|Any CPU.Build.0 = Debug|Any CPU
		{B1D68055-F412-4B77-72FE-C2B4ED4EAA00}.Release|Any CPU.ActiveCfg = Release|Any CPU
		{B1D68055-F412-4B77-72FE-C2B4ED4EAA00}.Release|Any CPU.Build.0 = Release|Any CPU
		{36F7DE45-04CB-7E74-B0E7-F4D5272274BC}.Debug|Any CPU.ActiveCfg = Debug|Any CPU
		{36F7DE45-04CB-7E74-B0E7-F4D5272274BC}.Debug|Any CPU.Build.0 = Debug|Any CPU
		{36F7DE45-04CB-7E74-B0E7-F4D5272274BC}.Release|Any CPU.ActiveCfg = Release|Any CPU
		{36F7DE45-04CB-7E74-B0E7-F4D5272274BC}.Release|Any CPU.Build.0 = Release|Any CPU
		{F5613DA2-25AF-D248-8E94-93B46F339AE0}.Debug|Any CPU.ActiveCfg = Debug|Any CPU
		{F5613DA2-25AF-D248-8E94-93B46F339AE0}.Debug|Any CPU.Build.0 = Debug|Any CPU
		{F5613DA2-25AF-D248-8E94-93B46F339AE0}.Release|Any CPU.ActiveCfg = Release|Any CPU
		{F5613DA2-25AF-D248-8E94-93B46F339AE0}.Release|Any CPU.Build.0 = Release|Any CPU
		{67B6150D-B2C8-7064-A911-0295E30ED08B}.Debug|Any CPU.ActiveCfg = Debug|Any CPU
		{67B6150D-B2C8-7064-A911-0295E30ED08B}.Debug|Any CPU.Build.0 = Debug|Any CPU
		{67B6150D-B2C8-7064-A911-0295E30ED08B}.Release|Any CPU.ActiveCfg = Release|Any CPU
		{67B6150D-B2C8-7064-A911-0295E30ED08B}.Release|Any CPU.Build.0 = Release|Any CPU
		{6DE0C19A-39D8-99D1-653D-58D2EF7E3F20}.Debug|Any CPU.ActiveCfg = Debug|Any CPU
		{6DE0C19A-39D8-99D1-653D-58D2EF7E3F20}.Debug|Any CPU.Build.0 = Debug|Any CPU
		{6DE0C19A-39D8-99D1-653D-58D2EF7E3F20}.Release|Any CPU.ActiveCfg = Release|Any CPU
		{6DE0C19A-39D8-99D1-653D-58D2EF7E3F20}.Release|Any CPU.Build.0 = Release|Any CPU
		{7F60C21D-42CB-D95F-0883-90D7464989D6}.Debug|Any CPU.ActiveCfg = Debug|Any CPU
		{7F60C21D-42CB-D95F-0883-90D7464989D6}.Debug|Any CPU.Build.0 = Debug|Any CPU
		{7F60C21D-42CB-D95F-0883-90D7464989D6}.Release|Any CPU.ActiveCfg = Release|Any CPU
		{7F60C21D-42CB-D95F-0883-90D7464989D6}.Release|Any CPU.Build.0 = Release|Any CPU
		{9059D3AF-0241-DE20-941B-8781DD5BDD89}.Debug|Any CPU.ActiveCfg = Debug|Any CPU
		{9059D3AF-0241-DE20-941B-8781DD5BDD89}.Debug|Any CPU.Build.0 = Debug|Any CPU
		{9059D3AF-0241-DE20-941B-8781DD5BDD89}.Release|Any CPU.ActiveCfg = Release|Any CPU
		{9059D3AF-0241-DE20-941B-8781DD5BDD89}.Release|Any CPU.Build.0 = Release|Any CPU
		{F195DE83-8D50-000B-78B6-E32DA1BA08FE}.Debug|Any CPU.ActiveCfg = Debug|Any CPU
		{F195DE83-8D50-000B-78B6-E32DA1BA08FE}.Debug|Any CPU.Build.0 = Debug|Any CPU
		{F195DE83-8D50-000B-78B6-E32DA1BA08FE}.Release|Any CPU.ActiveCfg = Release|Any CPU
		{F195DE83-8D50-000B-78B6-E32DA1BA08FE}.Release|Any CPU.Build.0 = Release|Any CPU
		{D48C6826-9507-344B-2F7F-AB4660DD834B}.Debug|Any CPU.ActiveCfg = Debug|Any CPU
		{D48C6826-9507-344B-2F7F-AB4660DD834B}.Debug|Any CPU.Build.0 = Debug|Any CPU
		{D48C6826-9507-344B-2F7F-AB4660DD834B}.Release|Any CPU.ActiveCfg = Release|Any CPU
		{D48C6826-9507-344B-2F7F-AB4660DD834B}.Release|Any CPU.Build.0 = Release|Any CPU
		{B1BB45B9-64BC-555C-A65B-6673A96EE3BB}.Debug|Any CPU.ActiveCfg = Debug|Any CPU
		{B1BB45B9-64BC-555C-A65B-6673A96EE3BB}.Debug|Any CPU.Build.0 = Debug|Any CPU
		{B1BB45B9-64BC-555C-A65B-6673A96EE3BB}.Release|Any CPU.ActiveCfg = Release|Any CPU
		{B1BB45B9-64BC-555C-A65B-6673A96EE3BB}.Release|Any CPU.Build.0 = Release|Any CPU
		{54D9572C-096C-27DB-4FCF-620218E93A99}.Debug|Any CPU.ActiveCfg = Debug|Any CPU
		{54D9572C-096C-27DB-4FCF-620218E93A99}.Debug|Any CPU.Build.0 = Debug|Any CPU
		{54D9572C-096C-27DB-4FCF-620218E93A99}.Release|Any CPU.ActiveCfg = Release|Any CPU
		{54D9572C-096C-27DB-4FCF-620218E93A99}.Release|Any CPU.Build.0 = Release|Any CPU
		{C5D3AC2A-58EE-8350-42A3-C9771AB4972B}.Debug|Any CPU.ActiveCfg = Debug|Any CPU
		{C5D3AC2A-58EE-8350-42A3-C9771AB4972B}.Debug|Any CPU.Build.0 = Debug|Any CPU
		{C5D3AC2A-58EE-8350-42A3-C9771AB4972B}.Release|Any CPU.ActiveCfg = Release|Any CPU
		{C5D3AC2A-58EE-8350-42A3-C9771AB4972B}.Release|Any CPU.Build.0 = Release|Any CPU
		{37A3FC94-50CD-6FF5-837E-B55DCE5F78D0}.Debug|Any CPU.ActiveCfg = Debug|Any CPU
		{37A3FC94-50CD-6FF5-837E-B55DCE5F78D0}.Debug|Any CPU.Build.0 = Debug|Any CPU
		{37A3FC94-50CD-6FF5-837E-B55DCE5F78D0}.Release|Any CPU.ActiveCfg = Release|Any CPU
		{37A3FC94-50CD-6FF5-837E-B55DCE5F78D0}.Release|Any CPU.Build.0 = Release|Any CPU
		{D03BA278-FE7A-60DD-8960-AACF024A101B}.Debug|Any CPU.ActiveCfg = Debug|Any CPU
		{D03BA278-FE7A-60DD-8960-AACF024A101B}.Debug|Any CPU.Build.0 = Debug|Any CPU
		{D03BA278-FE7A-60DD-8960-AACF024A101B}.Release|Any CPU.ActiveCfg = Release|Any CPU
		{D03BA278-FE7A-60DD-8960-AACF024A101B}.Release|Any CPU.Build.0 = Release|Any CPU
		{84AC0A84-04B1-FBE3-2BCC-5837C96E3A6E}.Debug|Any CPU.ActiveCfg = Debug|Any CPU
		{84AC0A84-04B1-FBE3-2BCC-5837C96E3A6E}.Debug|Any CPU.Build.0 = Debug|Any CPU
		{84AC0A84-04B1-FBE3-2BCC-5837C96E3A6E}.Release|Any CPU.ActiveCfg = Release|Any CPU
		{84AC0A84-04B1-FBE3-2BCC-5837C96E3A6E}.Release|Any CPU.Build.0 = Release|Any CPU
		{5BDFF695-AC19-207F-3D4F-E7DB8F10239E}.Debug|Any CPU.ActiveCfg = Debug|Any CPU
		{5BDFF695-AC19-207F-3D4F-E7DB8F10239E}.Debug|Any CPU.Build.0 = Debug|Any CPU
		{5BDFF695-AC19-207F-3D4F-E7DB8F10239E}.Release|Any CPU.ActiveCfg = Release|Any CPU
		{5BDFF695-AC19-207F-3D4F-E7DB8F10239E}.Release|Any CPU.Build.0 = Release|Any CPU
		{2EB506ED-D33B-5A75-D08F-8BE82089F110}.Debug|Any CPU.ActiveCfg = Debug|Any CPU
		{2EB506ED-D33B-5A75-D08F-8BE82089F110}.Debug|Any CPU.Build.0 = Debug|Any CPU
		{2EB506ED-D33B-5A75-D08F-8BE82089F110}.Release|Any CPU.ActiveCfg = Release|Any CPU
		{2EB506ED-D33B-5A75-D08F-8BE82089F110}.Release|Any CPU.Build.0 = Release|Any CPU
		{A2C5183D-7495-C4DE-4AD6-99A5774BECCE}.Debug|Any CPU.ActiveCfg = Debug|Any CPU
		{A2C5183D-7495-C4DE-4AD6-99A5774BECCE}.Debug|Any CPU.Build.0 = Debug|Any CPU
		{A2C5183D-7495-C4DE-4AD6-99A5774BECCE}.Release|Any CPU.ActiveCfg = Release|Any CPU
		{A2C5183D-7495-C4DE-4AD6-99A5774BECCE}.Release|Any CPU.Build.0 = Release|Any CPU
		{9F4A8292-8998-0A2C-40BE-438BDF79D7BA}.Debug|Any CPU.ActiveCfg = Debug|Any CPU
		{9F4A8292-8998-0A2C-40BE-438BDF79D7BA}.Debug|Any CPU.Build.0 = Debug|Any CPU
		{9F4A8292-8998-0A2C-40BE-438BDF79D7BA}.Release|Any CPU.ActiveCfg = Release|Any CPU
		{9F4A8292-8998-0A2C-40BE-438BDF79D7BA}.Release|Any CPU.Build.0 = Release|Any CPU
		{2A9B54CF-DEFD-DF0F-024C-FDD53908B182}.Debug|Any CPU.ActiveCfg = Debug|Any CPU
		{2A9B54CF-DEFD-DF0F-024C-FDD53908B182}.Debug|Any CPU.Build.0 = Debug|Any CPU
		{2A9B54CF-DEFD-DF0F-024C-FDD53908B182}.Release|Any CPU.ActiveCfg = Release|Any CPU
		{2A9B54CF-DEFD-DF0F-024C-FDD53908B182}.Release|Any CPU.Build.0 = Release|Any CPU
		{4D215B90-DD79-D34F-F4BA-7C5CECA004C6}.Debug|Any CPU.ActiveCfg = Debug|Any CPU
		{4D215B90-DD79-D34F-F4BA-7C5CECA004C6}.Debug|Any CPU.Build.0 = Debug|Any CPU
		{4D215B90-DD79-D34F-F4BA-7C5CECA004C6}.Release|Any CPU.ActiveCfg = Release|Any CPU
		{4D215B90-DD79-D34F-F4BA-7C5CECA004C6}.Release|Any CPU.Build.0 = Release|Any CPU
		{894B6672-EC00-95E6-CA29-0845B04F8E15}.Debug|Any CPU.ActiveCfg = Debug|Any CPU
		{894B6672-EC00-95E6-CA29-0845B04F8E15}.Debug|Any CPU.Build.0 = Debug|Any CPU
		{894B6672-EC00-95E6-CA29-0845B04F8E15}.Release|Any CPU.ActiveCfg = Release|Any CPU
		{894B6672-EC00-95E6-CA29-0845B04F8E15}.Release|Any CPU.Build.0 = Release|Any CPU
		{A9FA1B00-631C-14BC-CB11-5E3B83EBC033}.Debug|Any CPU.ActiveCfg = Debug|Any CPU
		{A9FA1B00-631C-14BC-CB11-5E3B83EBC033}.Debug|Any CPU.Build.0 = Debug|Any CPU
		{A9FA1B00-631C-14BC-CB11-5E3B83EBC033}.Release|Any CPU.ActiveCfg = Release|Any CPU
		{A9FA1B00-631C-14BC-CB11-5E3B83EBC033}.Release|Any CPU.Build.0 = Release|Any CPU
		{F9BAB756-929B-AA53-D291-25BCF1721B96}.Debug|Any CPU.ActiveCfg = Debug|Any CPU
		{F9BAB756-929B-AA53-D291-25BCF1721B96}.Debug|Any CPU.Build.0 = Debug|Any CPU
		{F9BAB756-929B-AA53-D291-25BCF1721B96}.Release|Any CPU.ActiveCfg = Release|Any CPU
		{F9BAB756-929B-AA53-D291-25BCF1721B96}.Release|Any CPU.Build.0 = Release|Any CPU
		{F0BCB9AD-8E65-4E77-5B29-BFCE14988CDF}.Debug|Any CPU.ActiveCfg = Debug|Any CPU
		{F0BCB9AD-8E65-4E77-5B29-BFCE14988CDF}.Debug|Any CPU.Build.0 = Debug|Any CPU
		{F0BCB9AD-8E65-4E77-5B29-BFCE14988CDF}.Release|Any CPU.ActiveCfg = Release|Any CPU
		{F0BCB9AD-8E65-4E77-5B29-BFCE14988CDF}.Release|Any CPU.Build.0 = Release|Any CPU
		{2AE23F0D-1355-546E-C92A-D438E52A212B}.Debug|Any CPU.ActiveCfg = Debug|Any CPU
		{2AE23F0D-1355-546E-C92A-D438E52A212B}.Debug|Any CPU.Build.0 = Debug|Any CPU
		{2AE23F0D-1355-546E-C92A-D438E52A212B}.Release|Any CPU.ActiveCfg = Release|Any CPU
		{2AE23F0D-1355-546E-C92A-D438E52A212B}.Release|Any CPU.Build.0 = Release|Any CPU
		{74D920B7-6ECB-ABBE-42D5-F29470505D85}.Debug|Any CPU.ActiveCfg = Debug|Any CPU
		{74D920B7-6ECB-ABBE-42D5-F29470505D85}.Debug|Any CPU.Build.0 = Debug|Any CPU
		{74D920B7-6ECB-ABBE-42D5-F29470505D85}.Release|Any CPU.ActiveCfg = Release|Any CPU
		{74D920B7-6ECB-ABBE-42D5-F29470505D85}.Release|Any CPU.Build.0 = Release|Any CPU
		{A0019054-BDA2-FD86-4A56-27ABAE361AD3}.Debug|Any CPU.ActiveCfg = Debug|Any CPU
		{A0019054-BDA2-FD86-4A56-27ABAE361AD3}.Debug|Any CPU.Build.0 = Debug|Any CPU
		{A0019054-BDA2-FD86-4A56-27ABAE361AD3}.Release|Any CPU.ActiveCfg = Release|Any CPU
		{A0019054-BDA2-FD86-4A56-27ABAE361AD3}.Release|Any CPU.Build.0 = Release|Any CPU
		{0DFEF66A-11A2-E65F-8CE6-C171E81EAF9A}.Debug|Any CPU.ActiveCfg = Debug|Any CPU
		{0DFEF66A-11A2-E65F-8CE6-C171E81EAF9A}.Debug|Any CPU.Build.0 = Debug|Any CPU
		{0DFEF66A-11A2-E65F-8CE6-C171E81EAF9A}.Release|Any CPU.ActiveCfg = Release|Any CPU
		{0DFEF66A-11A2-E65F-8CE6-C171E81EAF9A}.Release|Any CPU.Build.0 = Release|Any CPU
		{0FBCB017-BF51-3E33-39D9-B132D2C0777A}.Debug|Any CPU.ActiveCfg = Debug|Any CPU
		{0FBCB017-BF51-3E33-39D9-B132D2C0777A}.Debug|Any CPU.Build.0 = Debug|Any CPU
		{0FBCB017-BF51-3E33-39D9-B132D2C0777A}.Release|Any CPU.ActiveCfg = Release|Any CPU
		{0FBCB017-BF51-3E33-39D9-B132D2C0777A}.Release|Any CPU.Build.0 = Release|Any CPU
		{3C41B632-8F1F-6BC1-60B9-FCFDE17687D5}.Debug|Any CPU.ActiveCfg = Debug|Any CPU
		{3C41B632-8F1F-6BC1-60B9-FCFDE17687D5}.Debug|Any CPU.Build.0 = Debug|Any CPU
		{3C41B632-8F1F-6BC1-60B9-FCFDE17687D5}.Release|Any CPU.ActiveCfg = Release|Any CPU
		{3C41B632-8F1F-6BC1-60B9-FCFDE17687D5}.Release|Any CPU.Build.0 = Release|Any CPU
		{0A3BA508-2C72-CE1F-91A7-A0F3AFC2EF9E}.Debug|Any CPU.ActiveCfg = Debug|Any CPU
		{0A3BA508-2C72-CE1F-91A7-A0F3AFC2EF9E}.Debug|Any CPU.Build.0 = Debug|Any CPU
		{0A3BA508-2C72-CE1F-91A7-A0F3AFC2EF9E}.Release|Any CPU.ActiveCfg = Release|Any CPU
		{0A3BA508-2C72-CE1F-91A7-A0F3AFC2EF9E}.Release|Any CPU.Build.0 = Release|Any CPU
		{74D1F5EE-81DC-5757-7CE3-97866CC7A1BC}.Debug|Any CPU.ActiveCfg = Debug|Any CPU
		{74D1F5EE-81DC-5757-7CE3-97866CC7A1BC}.Debug|Any CPU.Build.0 = Debug|Any CPU
		{74D1F5EE-81DC-5757-7CE3-97866CC7A1BC}.Release|Any CPU.ActiveCfg = Release|Any CPU
		{74D1F5EE-81DC-5757-7CE3-97866CC7A1BC}.Release|Any CPU.Build.0 = Release|Any CPU
		{4D25609C-BAB1-F1A7-A372-EA6FD6726CE4}.Debug|Any CPU.ActiveCfg = Debug|Any CPU
		{4D25609C-BAB1-F1A7-A372-EA6FD6726CE4}.Debug|Any CPU.Build.0 = Debug|Any CPU
		{4D25609C-BAB1-F1A7-A372-EA6FD6726CE4}.Release|Any CPU.ActiveCfg = Release|Any CPU
		{4D25609C-BAB1-F1A7-A372-EA6FD6726CE4}.Release|Any CPU.Build.0 = Release|Any CPU
		{4F640A9D-AF63-360A-9CFB-8D5B7C1C1AFD}.Debug|Any CPU.ActiveCfg = Debug|Any CPU
		{4F640A9D-AF63-360A-9CFB-8D5B7C1C1AFD}.Debug|Any CPU.Build.0 = Debug|Any CPU
		{4F640A9D-AF63-360A-9CFB-8D5B7C1C1AFD}.Release|Any CPU.ActiveCfg = Release|Any CPU
		{4F640A9D-AF63-360A-9CFB-8D5B7C1C1AFD}.Release|Any CPU.Build.0 = Release|Any CPU
		{F2339415-349F-A7E2-E8B8-75B788206DE1}.Debug|Any CPU.ActiveCfg = Debug|Any CPU
		{F2339415-349F-A7E2-E8B8-75B788206DE1}.Debug|Any CPU.Build.0 = Debug|Any CPU
		{F2339415-349F-A7E2-E8B8-75B788206DE1}.Release|Any CPU.ActiveCfg = Release|Any CPU
		{F2339415-349F-A7E2-E8B8-75B788206DE1}.Release|Any CPU.Build.0 = Release|Any CPU
		{E8FE6D16-DA82-D151-63FC-0AF0C48DA4E1}.Debug|Any CPU.ActiveCfg = Debug|Any CPU
		{E8FE6D16-DA82-D151-63FC-0AF0C48DA4E1}.Debug|Any CPU.Build.0 = Debug|Any CPU
		{E8FE6D16-DA82-D151-63FC-0AF0C48DA4E1}.Release|Any CPU.ActiveCfg = Release|Any CPU
		{E8FE6D16-DA82-D151-63FC-0AF0C48DA4E1}.Release|Any CPU.Build.0 = Release|Any CPU
		{914154F5-0EBD-8DBC-A7AB-5E8C8224B8D1}.Debug|Any CPU.ActiveCfg = Debug|Any CPU
		{914154F5-0EBD-8DBC-A7AB-5E8C8224B8D1}.Debug|Any CPU.Build.0 = Debug|Any CPU
		{914154F5-0EBD-8DBC-A7AB-5E8C8224B8D1}.Release|Any CPU.ActiveCfg = Release|Any CPU
		{914154F5-0EBD-8DBC-A7AB-5E8C8224B8D1}.Release|Any CPU.Build.0 = Release|Any CPU
		{F16821F1-9416-8C91-A96C-1E00F14936E2}.Debug|Any CPU.ActiveCfg = Debug|Any CPU
		{F16821F1-9416-8C91-A96C-1E00F14936E2}.Debug|Any CPU.Build.0 = Debug|Any CPU
		{F16821F1-9416-8C91-A96C-1E00F14936E2}.Release|Any CPU.ActiveCfg = Release|Any CPU
		{F16821F1-9416-8C91-A96C-1E00F14936E2}.Release|Any CPU.Build.0 = Release|Any CPU
		{47B21C88-F6CC-9890-4B06-FC53A2EE47DF}.Debug|Any CPU.ActiveCfg = Debug|Any CPU
		{47B21C88-F6CC-9890-4B06-FC53A2EE47DF}.Debug|Any CPU.Build.0 = Debug|Any CPU
		{47B21C88-F6CC-9890-4B06-FC53A2EE47DF}.Release|Any CPU.ActiveCfg = Release|Any CPU
		{47B21C88-F6CC-9890-4B06-FC53A2EE47DF}.Release|Any CPU.Build.0 = Release|Any CPU
		{CFDAAF6D-3AB4-8F05-2A01-D1175BAC0A5C}.Debug|Any CPU.ActiveCfg = Debug|Any CPU
		{CFDAAF6D-3AB4-8F05-2A01-D1175BAC0A5C}.Debug|Any CPU.Build.0 = Debug|Any CPU
		{CFDAAF6D-3AB4-8F05-2A01-D1175BAC0A5C}.Release|Any CPU.ActiveCfg = Release|Any CPU
		{CFDAAF6D-3AB4-8F05-2A01-D1175BAC0A5C}.Release|Any CPU.Build.0 = Release|Any CPU
		{7AB8DF36-A1E8-A1BE-A14A-6F1346F0EFAB}.Debug|Any CPU.ActiveCfg = Debug|Any CPU
		{7AB8DF36-A1E8-A1BE-A14A-6F1346F0EFAB}.Debug|Any CPU.Build.0 = Debug|Any CPU
		{7AB8DF36-A1E8-A1BE-A14A-6F1346F0EFAB}.Release|Any CPU.ActiveCfg = Release|Any CPU
		{7AB8DF36-A1E8-A1BE-A14A-6F1346F0EFAB}.Release|Any CPU.Build.0 = Release|Any CPU
		{B8C43ACE-7E6A-96AE-7258-44A548BF11B7}.Debug|Any CPU.ActiveCfg = Debug|Any CPU
		{B8C43ACE-7E6A-96AE-7258-44A548BF11B7}.Debug|Any CPU.Build.0 = Debug|Any CPU
		{B8C43ACE-7E6A-96AE-7258-44A548BF11B7}.Release|Any CPU.ActiveCfg = Release|Any CPU
		{B8C43ACE-7E6A-96AE-7258-44A548BF11B7}.Release|Any CPU.Build.0 = Release|Any CPU
		{5143D83A-D2B9-30E0-44EE-420FACA2C9E7}.Debug|Any CPU.ActiveCfg = Debug|Any CPU
		{5143D83A-D2B9-30E0-44EE-420FACA2C9E7}.Debug|Any CPU.Build.0 = Debug|Any CPU
		{5143D83A-D2B9-30E0-44EE-420FACA2C9E7}.Release|Any CPU.ActiveCfg = Release|Any CPU
		{5143D83A-D2B9-30E0-44EE-420FACA2C9E7}.Release|Any CPU.Build.0 = Release|Any CPU
		{51DDCD47-6D2E-85A2-C7F4-73CD3CFA655F}.Debug|Any CPU.ActiveCfg = Debug|Any CPU
		{51DDCD47-6D2E-85A2-C7F4-73CD3CFA655F}.Debug|Any CPU.Build.0 = Debug|Any CPU
		{51DDCD47-6D2E-85A2-C7F4-73CD3CFA655F}.Release|Any CPU.ActiveCfg = Release|Any CPU
		{51DDCD47-6D2E-85A2-C7F4-73CD3CFA655F}.Release|Any CPU.Build.0 = Release|Any CPU
		{669F5E2D-CD53-9BDF-20BF-FB439DAE8F57}.Debug|Any CPU.ActiveCfg = Debug|Any CPU
		{669F5E2D-CD53-9BDF-20BF-FB439DAE8F57}.Debug|Any CPU.Build.0 = Debug|Any CPU
		{669F5E2D-CD53-9BDF-20BF-FB439DAE8F57}.Release|Any CPU.ActiveCfg = Release|Any CPU
		{669F5E2D-CD53-9BDF-20BF-FB439DAE8F57}.Release|Any CPU.Build.0 = Release|Any CPU
	EndGlobalSection
	GlobalSection(SolutionProperties) = preSolution
		HideSolutionNode = FALSE
	EndGlobalSection
EndGlobal
